
Microsoft Visual Studio Solution File, Format Version 12.00
# Visual Studio Version 16
VisualStudioVersion = 16.0.29509.3
MinimumVisualStudioVersion = 10.0.40219.1
Project("{FAE04EC0-301F-11D3-BF4B-00C04F79EFBC}") = "BlankSpace", "BlankSpace\BlankSpace.csproj", "{13D21B0E-F009-4B76-AF98-76E968CFA3D8}"
EndProject
Global
	GlobalSection(SolutionConfigurationPlatforms) = preSolution
		Debug|Any CPU = Debug|Any CPU
		Release|Any CPU = Release|Any CPU
	EndGlobalSection
	GlobalSection(ProjectConfigurationPlatforms) = postSolution
		{13D21B0E-F009-4B76-AF98-76E968CFA3D8}.Debug|Any CPU.ActiveCfg = Debug|Any CPU
		{13D21B0E-F009-4B76-AF98-76E968CFA3D8}.Debug|Any CPU.Build.0 = Debug|Any CPU
		{13D21B0E-F009-4B76-AF98-76E968CFA3D8}.Release|Any CPU.ActiveCfg = Release|Any CPU
		{13D21B0E-F009-4B76-AF98-76E968CFA3D8}.Release|Any CPU.Build.0 = Release|Any CPU
	EndGlobalSection
	GlobalSection(SolutionProperties) = preSolution
		HideSolutionNode = FALSE
	EndGlobalSection
	GlobalSection(ExtensibilityGlobals) = postSolution
		SolutionGuid = {72B498EB-9CF5-4B45-BB62-8BA748AE2639}
	EndGlobalSection
EndGlobal
